
Microsoft Visual Studio Solution File, Format Version 12.00
# Visual Studio Version 17
VisualStudioVersion = 17.13.35919.96 d17.13
MinimumVisualStudioVersion = 10.0.40219.1
Project("{FAE04EC0-301F-11D3-BF4B-00C04F79EFBC}") = "converter", "converter.csproj", "{55EBC924-27FA-4DE0-BE3E-D9BE7E0BAE84}"
EndProject
Global
	GlobalSection(SolutionConfigurationPlatforms) = preSolution
		Debug|Any CPU = Debug|Any CPU
		Release|Any CPU = Release|Any CPU
	EndGlobalSection
	GlobalSection(ProjectConfigurationPlatforms) = postSolution
		{55EBC924-27FA-4DE0-BE3E-D9BE7E0BAE84}.Debug|Any CPU.ActiveCfg = Debug|Any CPU
		{55EBC924-27FA-4DE0-BE3E-D9BE7E0BAE84}.Debug|Any CPU.Build.0 = Debug|Any CPU
		{55EBC924-27FA-4DE0-BE3E-D9BE7E0BAE84}.Release|Any CPU.ActiveCfg = Release|Any CPU
		{55EBC924-27FA-4DE0-BE3E-D9BE7E0BAE84}.Release|Any CPU.Build.0 = Release|Any CPU
	EndGlobalSection
	GlobalSection(SolutionProperties) = preSolution
		HideSolutionNode = FALSE
	EndGlobalSection
	GlobalSection(ExtensibilityGlobals) = postSolution
		SolutionGuid = {8105AEC1-CA74-4A73-8103-2E0FE31E637B}
	EndGlobalSection
EndGlobal
